
Microsoft Visual Studio Solution File, Format Version 12.00
# Visual Studio 15
VisualStudioVersion = 15.0.28307.960
MinimumVisualStudioVersion = 10.0.40219.1
Project("{FAE04EC0-301F-11D3-BF4B-00C04F79EFBC}") = "Tateti", "Tateti\Tateti.csproj", "{ADC3158F-E09B-4181-B727-D3D6D42A7AFC}"
EndProject
Global
	GlobalSection(SolutionConfigurationPlatforms) = preSolution
		Debug|Any CPU = Debug|Any CPU
		Release|Any CPU = Release|Any CPU
	EndGlobalSection
	GlobalSection(ProjectConfigurationPlatforms) = postSolution
		{ADC3158F-E09B-4181-B727-D3D6D42A7AFC}.Debug|Any CPU.ActiveCfg = Debug|Any CPU
		{ADC3158F-E09B-4181-B727-D3D6D42A7AFC}.Debug|Any CPU.Build.0 = Debug|Any CPU
		{ADC3158F-E09B-4181-B727-D3D6D42A7AFC}.Release|Any CPU.ActiveCfg = Release|Any CPU
		{ADC3158F-E09B-4181-B727-D3D6D42A7AFC}.Release|Any CPU.Build.0 = Release|Any CPU
	EndGlobalSection
	GlobalSection(SolutionProperties) = preSolution
		HideSolutionNode = FALSE
	EndGlobalSection
	GlobalSection(ExtensibilityGlobals) = postSolution
		SolutionGuid = {99BF76A1-E679-4AE9-A40F-FE17C445974D}
	EndGlobalSection
EndGlobal
