
Microsoft Visual Studio Solution File, Format Version 11.00
# Visual Studio 2010
Project("{8BC9CEB8-8B4A-11D0-8D11-00A0C91BC942}") = "Moon", "Moon\Moon.vcxproj", "{990E58E1-8547-4281-83CC-8C605C3C221A}"
EndProject
Global
	GlobalSection(SolutionConfigurationPlatforms) = preSolution
		Debug|Win32 = Debug|Win32
		Release|Win32 = Release|Win32
	EndGlobalSection
	GlobalSection(ProjectConfigurationPlatforms) = postSolution
		{990E58E1-8547-4281-83CC-8C605C3C221A}.Debug|Win32.ActiveCfg = Debug|Win32
		{990E58E1-8547-4281-83CC-8C605C3C221A}.Debug|Win32.Build.0 = Debug|Win32
		{990E58E1-8547-4281-83CC-8C605C3C221A}.Release|Win32.ActiveCfg = Release|Win32
		{990E58E1-8547-4281-83CC-8C605C3C221A}.Release|Win32.Build.0 = Release|Win32
	EndGlobalSection
	GlobalSection(SolutionProperties) = preSolution
		HideSolutionNode = FALSE
	EndGlobalSection
EndGlobal
